
Microsoft Visual Studio Solution File, Format Version 12.00
# Visual Studio Version 16
VisualStudioVersion = 16.0.29806.167
MinimumVisualStudioVersion = 10.0.40219.1
Project("{FAE04EC0-301F-11D3-BF4B-00C04F79EFBC}") = "WebApp_Validaciones", "WebApp_Validaciones\WebApp_Validaciones.csproj", "{20D06AE6-47B3-475C-BFCB-E9E22C908B58}"
EndProject
Global
	GlobalSection(SolutionConfigurationPlatforms) = preSolution
		Debug|Any CPU = Debug|Any CPU
		Release|Any CPU = Release|Any CPU
	EndGlobalSection
	GlobalSection(ProjectConfigurationPlatforms) = postSolution
		{20D06AE6-47B3-475C-BFCB-E9E22C908B58}.Debug|Any CPU.ActiveCfg = Debug|Any CPU
		{20D06AE6-47B3-475C-BFCB-E9E22C908B58}.Debug|Any CPU.Build.0 = Debug|Any CPU
		{20D06AE6-47B3-475C-BFCB-E9E22C908B58}.Release|Any CPU.ActiveCfg = Release|Any CPU
		{20D06AE6-47B3-475C-BFCB-E9E22C908B58}.Release|Any CPU.Build.0 = Release|Any CPU
	EndGlobalSection
	GlobalSection(SolutionProperties) = preSolution
		HideSolutionNode = FALSE
	EndGlobalSection
	GlobalSection(ExtensibilityGlobals) = postSolution
		SolutionGuid = {51567930-DE57-4579-BB11-67E8A9704275}
	EndGlobalSection
EndGlobal
